<?xml version="1.0" encoding="utf-8"?>
<Project ToolsVersion="4.0" xmlns="http://schemas.microsoft.com/developer/msbuild/2003">
  <ItemGroup>
    <Filter Include="Leavs">
      <UniqueIdentifier>{0055970D-6C69-BFBE-35EB-621EA1BEBBEF}</UniqueIdentifier>
    </Filter>
    <Filter Include="Leavs\Events">
      <UniqueIdentifier>{E460DBA4-D0C3-6A49-7949-A3FF658B36CC}</UniqueIdentifier>
    </Filter>
  </ItemGroup>
  <ItemGroup>
    <ClInclude Include="src\Leavs.h" />
    <ClInclude Include="src\Leavs\Application.h">
      <Filter>Leavs</Filter>
    </ClInclude>
    <ClInclude Include="src\Leavs\Core.h">
      <Filter>Leavs</Filter>
    </ClInclude>
    <ClInclude Include="src\Leavs\EntryPoint.h">
      <Filter>Leavs</Filter>
    </ClInclude>
    <ClInclude Include="src\Leavs\Events\ApplicationEvent.h">
      <Filter>Leavs\Events</Filter>
    </ClInclude>
    <ClInclude Include="src\Leavs\Events\Event.h">
      <Filter>Leavs\Events</Filter>
    </ClInclude>
    <ClInclude Include="src\Leavs\Events\KeyEvent.h">
      <Filter>Leavs\Events</Filter>
    </ClInclude>
    <ClInclude Include="src\Leavs\Events\MouseEvent.h">
      <Filter>Leavs\Events</Filter>
    </ClInclude>
    <ClInclude Include="src\Leavs\Log.h">
      <Filter>Leavs</Filter>
    </ClInclude>
    <ClInclude Include="src\Lvpch.h" />
  </ItemGroup>
  <ItemGroup>
    <ClCompile Include="src\Leavs\Application.cpp">
      <Filter>Leavs</Filter>
    </ClCompile>
    <ClCompile Include="src\Leavs\Log.cpp">
      <Filter>Leavs</Filter>
    </ClCompile>
    <ClCompile Include="src\Lvpch.cpp" />
  </ItemGroup>
</Project>